// !$*UTF8*$!
{
	archiveVersion = 1;
	classes = {
	};
	objectVersion = 56;
	objects = {

/* Begin PBXBuildFile section */
		85F7643C2A61816100C109E7 /* AppDelegate.swift in Sources */ = {isa = PBXBuildFile; fileRef = 85F7643B2A61816100C109E7 /* AppDelegate.swift */; };
		85F7643E2A61816100C109E7 /* SceneDelegate.swift in Sources */ = {isa = PBXBuildFile; fileRef = 85F7643D2A61816100C109E7 /* SceneDelegate.swift */; };
		85F764402A61816100C109E7 /* ViewController.swift in Sources */ = {isa = PBXBuildFile; fileRef = 85F7643F2A61816100C109E7 /* ViewController.swift */; };
		85F764432A61816100C109E7 /* Main.storyboard in Resources */ = {isa = PBXBuildFile; fileRef = 85F764412A61816100C109E7 /* Main.storyboard */; };
		85F764452A61816200C109E7 /* Assets.xcassets in Resources */ = {isa = PBXBuildFile; fileRef = 85F764442A61816200C109E7 /* Assets.xcassets */; };
		85F764482A61816200C109E7 /* LaunchScreen.storyboard in Resources */ = {isa = PBXBuildFile; fileRef = 85F764462A61816200C109E7 /* LaunchScreen.storyboard */; };
		85F764532A61816200C109E7 /* ConfigViewCodeTests.swift in Sources */ = {isa = PBXBuildFile; fileRef = 85F764522A61816200C109E7 /* ConfigViewCodeTests.swift */; };
		85F7645D2A61816200C109E7 /* ConfigViewCodeUITests.swift in Sources */ = {isa = PBXBuildFile; fileRef = 85F7645C2A61816200C109E7 /* ConfigViewCodeUITests.swift */; };
		85F7645F2A61816200C109E7 /* ConfigViewCodeUITestsLaunchTests.swift in Sources */ = {isa = PBXBuildFile; fileRef = 85F7645E2A61816200C109E7 /* ConfigViewCodeUITestsLaunchTests.swift */; };
/* End PBXBuildFile section */

/* Begin PBXContainerItemProxy section */
		85F7644F2A61816200C109E7 /* PBXContainerItemProxy */ = {
			isa = PBXContainerItemProxy;
			containerPortal = 85F764302A61816100C109E7 /* Project object */;
			proxyType = 1;
			remoteGlobalIDString = 85F764372A61816100C109E7;
			remoteInfo = ConfigViewCode;
		};
		85F764592A61816200C109E7 /* PBXContainerItemProxy */ = {
			isa = PBXContainerItemProxy;
			containerPortal = 85F764302A61816100C109E7 /* Project object */;
			proxyType = 1;
			remoteGlobalIDString = 85F764372A61816100C109E7;
			remoteInfo = ConfigViewCode;
		};
/* End PBXContainerItemProxy section */

/* Begin PBXFileReference section */
		85F764382A61816100C109E7 /* ConfigViewCode.app */ = {isa = PBXFileReference; explicitFileType = wrapper.application; includeInIndex = 0; path = ConfigViewCode.app; sourceTree = BUILT_PRODUCTS_DIR; };
		85F7643B2A61816100C109E7 /* AppDelegate.swift */ = {isa = PBXFileReference; lastKnownFileType = sourcecode.swift; path = AppDelegate.swift; sourceTree = "<group>"; };
		85F7643D2A61816100C109E7 /* SceneDelegate.swift */ = {isa = PBXFileReference; lastKnownFileType = sourcecode.swift; path = SceneDelegate.swift; sourceTree = "<group>"; };
		85F7643F2A61816100C109E7 /* ViewController.swift */ = {isa = PBXFileReference; lastKnownFileType = sourcecode.swift; path = ViewController.swift; sourceTree = "<group>"; };
		85F764422A61816100C109E7 /* Base */ = {isa = PBXFileReference; lastKnownFileType = file.storyboard; name = Base; path = Base.lproj/Main.storyboard; sourceTree = "<group>"; };
		85F764442A61816200C109E7 /* Assets.xcassets */ = {isa = PBXFileReference; lastKnownFileType = folder.assetcatalog; path = Assets.xcassets; sourceTree = "<group>"; };
		85F764472A61816200C109E7 /* Base */ = {isa = PBXFileReference; lastKnownFileType = file.storyboard; name = Base; path = Base.lproj/LaunchScreen.storyboard; sourceTree = "<group>"; };
		85F764492A61816200C109E7 /* Info.plist */ = {isa = PBXFileReference; lastKnownFileType = text.plist.xml; path = Info.plist; sourceTree = "<group>"; };
		85F7644E2A61816200C109E7 /* ConfigViewCodeTests.xctest */ = {isa = PBXFileReference; explicitFileType = wrapper.cfbundle; includeInIndex = 0; path = ConfigViewCodeTests.xctest; sourceTree = BUILT_PRODUCTS_DIR; };
		85F764522A61816200C109E7 /* ConfigViewCodeTests.swift */ = {isa = PBXFileReference; lastKnownFileType = sourcecode.swift; path = ConfigViewCodeTests.swift; sourceTree = "<group>"; };
		85F764582A61816200C109E7 /* ConfigViewCodeUITests.xctest */ = {isa = PBXFileReference; explicitFileType = wrapper.cfbundle; includeInIndex = 0; path = ConfigViewCodeUITests.xctest; sourceTree = BUILT_PRODUCTS_DIR; };
		85F7645C2A61816200C109E7 /* ConfigViewCodeUITests.swift */ = {isa = PBXFileReference; lastKnownFileType = sourcecode.swift; path = ConfigViewCodeUITests.swift; sourceTree = "<group>"; };
		85F7645E2A61816200C109E7 /* ConfigViewCodeUITestsLaunchTests.swift */ = {isa = PBXFileReference; lastKnownFileType = sourcecode.swift; path = ConfigViewCodeUITestsLaunchTests.swift; sourceTree = "<group>"; };
/* End PBXFileReference section */

/* Begin PBXFrameworksBuildPhase section */
		85F764352A61816100C109E7 /* Frameworks */ = {
			isa = PBXFrameworksBuildPhase;
			buildActionMask = 2147483647;
			files = (
			);
			runOnlyForDeploymentPostprocessing = 0;
		};
		85F7644B2A61816200C109E7 /* Frameworks */ = {
			isa = PBXFrameworksBuildPhase;
			buildActionMask = 2147483647;
			files = (
			);
			runOnlyForDeploymentPostprocessing = 0;
		};
		85F764552A61816200C109E7 /* Frameworks */ = {
			isa = PBXFrameworksBuildPhase;
			buildActionMask = 2147483647;
			files = (
			);
			runOnlyForDeploymentPostprocessing = 0;
		};
/* End PBXFrameworksBuildPhase section */

/* Begin PBXGroup section */
		85F7642F2A61816100C109E7 = {
			isa = PBXGroup;
			children = (
				85F7643A2A61816100C109E7 /* ConfigViewCode */,
				85F764512A61816200C109E7 /* ConfigViewCodeTests */,
				85F7645B2A61816200C109E7 /* ConfigViewCodeUITests */,
				85F764392A61816100C109E7 /* Products */,
			);
			sourceTree = "<group>";
		};
		85F764392A61816100C109E7 /* Products */ = {
			isa = PBXGroup;
			children = (
				85F764382A61816100C109E7 /* ConfigViewCode.app */,
				85F7644E2A61816200C109E7 /* ConfigViewCodeTests.xctest */,
				85F764582A61816200C109E7 /* ConfigViewCodeUITests.xctest */,
			);
			name = Products;
			sourceTree = "<group>";
		};
		85F7643A2A61816100C109E7 /* ConfigViewCode */ = {
			isa = PBXGroup;
			children = (
				85F7643B2A61816100C109E7 /* AppDelegate.swift */,
				85F7643D2A61816100C109E7 /* SceneDelegate.swift */,
				85F7643F2A61816100C109E7 /* ViewController.swift */,
				85F764412A61816100C109E7 /* Main.storyboard */,
				85F764442A61816200C109E7 /* Assets.xcassets */,
				85F764462A61816200C109E7 /* LaunchScreen.storyboard */,
				85F764492A61816200C109E7 /* Info.plist */,
			);
			path = ConfigViewCode;
			sourceTree = "<group>";
		};
		85F764512A61816200C109E7 /* ConfigViewCodeTests */ = {
			isa = PBXGroup;
			children = (
				85F764522A61816200C109E7 /* ConfigViewCodeTests.swift */,
			);
			path = ConfigViewCodeTests;
			sourceTree = "<group>";
		};
		85F7645B2A61816200C109E7 /* ConfigViewCodeUITests */ = {
			isa = PBXGroup;
			children = (
				85F7645C2A61816200C109E7 /* ConfigViewCodeUITests.swift */,
				85F7645E2A61816200C109E7 /* ConfigViewCodeUITestsLaunchTests.swift */,
			);
			path = ConfigViewCodeUITests;
			sourceTree = "<group>";
		};
/* End PBXGroup section */

/* Begin PBXNativeTarget section */
		85F764372A61816100C109E7 /* ConfigViewCode */ = {
			isa = PBXNativeTarget;
			buildConfigurationList = 85F764622A61816200C109E7 /* Build configuration list for PBXNativeTarget "ConfigViewCode" */;
			buildPhases = (
				85F764342A61816100C109E7 /* Sources */,
				85F764352A61816100C109E7 /* Frameworks */,
				85F764362A61816100C109E7 /* Resources */,
			);
			buildRules = (
			);
			dependencies = (
			);
			name = ConfigViewCode;
			productName = ConfigViewCode;
			productReference = 85F764382A61816100C109E7 /* ConfigViewCode.app */;
			productType = "com.apple.product-type.application";
		};
		85F7644D2A61816200C109E7 /* ConfigViewCodeTests */ = {
			isa = PBXNativeTarget;
			buildConfigurationList = 85F764652A61816200C109E7 /* Build configuration list for PBXNativeTarget "ConfigViewCodeTests" */;
			buildPhases = (
				85F7644A2A61816200C109E7 /* Sources */,
				85F7644B2A61816200C109E7 /* Frameworks */,
				85F7644C2A61816200C109E7 /* Resources */,
			);
			buildRules = (
			);
			dependencies = (
				85F764502A61816200C109E7 /* PBXTargetDependency */,
			);
			name = ConfigViewCodeTests;
			productName = ConfigViewCodeTests;
			productReference = 85F7644E2A61816200C109E7 /* ConfigViewCodeTests.xctest */;
			productType = "com.apple.product-type.bundle.unit-test";
		};
		85F764572A61816200C109E7 /* ConfigViewCodeUITests */ = {
			isa = PBXNativeTarget;
			buildConfigurationList = 85F764682A61816200C109E7 /* Build configuration list for PBXNativeTarget "ConfigViewCodeUITests" */;
			buildPhases = (
				85F764542A61816200C109E7 /* Sources */,
				85F764552A61816200C109E7 /* Frameworks */,
				85F764562A61816200C109E7 /* Resources */,
			);
			buildRules = (
			);
			dependencies = (
				85F7645A2A61816200C109E7 /* PBXTargetDependency */,
			);
			name = ConfigViewCodeUITests;
			productName = ConfigViewCodeUITests;
			productReference = 85F764582A61816200C109E7 /* ConfigViewCodeUITests.xctest */;
			productType = "com.apple.product-type.bundle.ui-testing";
		};
/* End PBXNativeTarget section */

/* Begin PBXProject section */
		85F764302A61816100C109E7 /* Project object */ = {
			isa = PBXProject;
			attributes = {
				BuildIndependentTargetsInParallel = 1;
				LastSwiftUpdateCheck = 1420;
				LastUpgradeCheck = 1420;
				TargetAttributes = {
					85F764372A61816100C109E7 = {
						CreatedOnToolsVersion = 14.2;
					};
					85F7644D2A61816200C109E7 = {
						CreatedOnToolsVersion = 14.2;
						TestTargetID = 85F764372A61816100C109E7;
					};
					85F764572A61816200C109E7 = {
						CreatedOnToolsVersion = 14.2;
						TestTargetID = 85F764372A61816100C109E7;
					};
				};
			};
			buildConfigurationList = 85F764332A61816100C109E7 /* Build configuration list for PBXProject "ConfigViewCode" */;
			compatibilityVersion = "Xcode 14.0";
			developmentRegion = en;
			hasScannedForEncodings = 0;
			knownRegions = (
				en,
				Base,
			);
			mainGroup = 85F7642F2A61816100C109E7;
			productRefGroup = 85F764392A61816100C109E7 /* Products */;
			projectDirPath = "";
			projectRoot = "";
			targets = (
				85F764372A61816100C109E7 /* ConfigViewCode */,
				85F7644D2A61816200C109E7 /* ConfigViewCodeTests */,
				85F764572A61816200C109E7 /* ConfigViewCodeUITests */,
			);
		};
/* End PBXProject section */

/* Begin PBXResourcesBuildPhase section */
		85F764362A61816100C109E7 /* Resources */ = {
			isa = PBXResourcesBuildPhase;
			buildActionMask = 2147483647;
			files = (
				85F764482A61816200C109E7 /* LaunchScreen.storyboard in Resources */,
				85F764452A61816200C109E7 /* Assets.xcassets in Resources */,
				85F764432A61816100C109E7 /* Main.storyboard in Resources */,
			);
			runOnlyForDeploymentPostprocessing = 0;
		};
		85F7644C2A61816200C109E7 /* Resources */ = {
			isa = PBXResourcesBuildPhase;
			buildActionMask = 2147483647;
			files = (
			);
			runOnlyForDeploymentPostprocessing = 0;
		};
		85F764562A61816200C109E7 /* Resources */ = {
			isa = PBXResourcesBuildPhase;
			buildActionMask = 2147483647;
			files = (
			);
			runOnlyForDeploymentPostprocessing = 0;
		};
/* End PBXResourcesBuildPhase section */

/* Begin PBXSourcesBuildPhase section */
		85F764342A61816100C109E7 /* Sources */ = {
			isa = PBXSourcesBuildPhase;
			buildActionMask = 2147483647;
			files = (
				85F764402A61816100C109E7 /* ViewController.swift in Sources */,
				85F7643C2A61816100C109E7 /* AppDelegate.swift in Sources */,
				85F7643E2A61816100C109E7 /* SceneDelegate.swift in Sources */,
			);
			runOnlyForDeploymentPostprocessing = 0;
		};
		85F7644A2A61816200C109E7 /* Sources */ = {
			isa = PBXSourcesBuildPhase;
			buildActionMask = 2147483647;
			files = (
				85F764532A61816200C109E7 /* ConfigViewCodeTests.swift in Sources */,
			);
			runOnlyForDeploymentPostprocessing = 0;
		};
		85F764542A61816200C109E7 /* Sources */ = {
			isa = PBXSourcesBuildPhase;
			buildActionMask = 2147483647;
			files = (
				85F7645F2A61816200C109E7 /* ConfigViewCodeUITestsLaunchTests.swift in Sources */,
				85F7645D2A61816200C109E7 /* ConfigViewCodeUITests.swift in Sources */,
			);
			runOnlyForDeploymentPostprocessing = 0;
		};
/* End PBXSourcesBuildPhase section */

/* Begin PBXTargetDependency section */
		85F764502A61816200C109E7 /* PBXTargetDependency */ = {
			isa = PBXTargetDependency;
			target = 85F764372A61816100C109E7 /* ConfigViewCode */;
			targetProxy = 85F7644F2A61816200C109E7 /* PBXContainerItemProxy */;
		};
		85F7645A2A61816200C109E7 /* PBXTargetDependency */ = {
			isa = PBXTargetDependency;
			target = 85F764372A61816100C109E7 /* ConfigViewCode */;
			targetProxy = 85F764592A61816200C109E7 /* PBXContainerItemProxy */;
		};
/* End PBXTargetDependency section */

/* Begin PBXVariantGroup section */
		85F764412A61816100C109E7 /* Main.storyboard */ = {
			isa = PBXVariantGroup;
			children = (
				85F764422A61816100C109E7 /* Base */,
			);
			name = Main.storyboard;
			sourceTree = "<group>";
		};
		85F764462A61816200C109E7 /* LaunchScreen.storyboard */ = {
			isa = PBXVariantGroup;
			children = (
				85F764472A61816200C109E7 /* Base */,
			);
			name = LaunchScreen.storyboard;
			sourceTree = "<group>";
		};
/* End PBXVariantGroup section */

/* Begin XCBuildConfiguration section */
		85F764602A61816200C109E7 /* Debug */ = {
			isa = XCBuildConfiguration;
			buildSettings = {
				ALWAYS_SEARCH_USER_PATHS = NO;
				CLANG_ANALYZER_NONNULL = YES;
				CLANG_ANALYZER_NUMBER_OBJECT_CONVERSION = YES_AGGRESSIVE;
				CLANG_CXX_LANGUAGE_STANDARD = "gnu++20";
				CLANG_ENABLE_MODULES = YES;
				CLANG_ENABLE_OBJC_ARC = YES;
				CLANG_ENABLE_OBJC_WEAK = YES;
				CLANG_WARN_BLOCK_CAPTURE_AUTORELEASING = YES;
				CLANG_WARN_BOOL_CONVERSION = YES;
				CLANG_WARN_COMMA = YES;
				CLANG_WARN_CONSTANT_CONVERSION = YES;
				CLANG_WARN_DEPRECATED_OBJC_IMPLEMENTATIONS = YES;
				CLANG_WARN_DIRECT_OBJC_ISA_USAGE = YES_ERROR;
				CLANG_WARN_DOCUMENTATION_COMMENTS = YES;
				CLANG_WARN_EMPTY_BODY = YES;
				CLANG_WARN_ENUM_CONVERSION = YES;
				CLANG_WARN_INFINITE_RECURSION = YES;
				CLANG_WARN_INT_CONVERSION = YES;
				CLANG_WARN_NON_LITERAL_NULL_CONVERSION = YES;
				CLANG_WARN_OBJC_IMPLICIT_RETAIN_SELF = YES;
				CLANG_WARN_OBJC_LITERAL_CONVERSION = YES;
				CLANG_WARN_OBJC_ROOT_CLASS = YES_ERROR;
				CLANG_WARN_QUOTED_INCLUDE_IN_FRAMEWORK_HEADER = YES;
				CLANG_WARN_RANGE_LOOP_ANALYSIS = YES;
				CLANG_WARN_STRICT_PROTOTYPES = YES;
				CLANG_WARN_SUSPICIOUS_MOVE = YES;
				CLANG_WARN_UNGUARDED_AVAILABILITY = YES_AGGRESSIVE;
				CLANG_WARN_UNREACHABLE_CODE = YES;
				CLANG_WARN__DUPLICATE_METHOD_MATCH = YES;
				COPY_PHASE_STRIP = NO;
				DEBUG_INFORMATION_FORMAT = dwarf;
				ENABLE_STRICT_OBJC_MSGSEND = YES;
				ENABLE_TESTABILITY = YES;
				GCC_C_LANGUAGE_STANDARD = gnu11;
				GCC_DYNAMIC_NO_PIC = NO;
				GCC_NO_COMMON_BLOCKS = YES;
				GCC_OPTIMIZATION_LEVEL = 0;
				GCC_PREPROCESSOR_DEFINITIONS = (
					"DEBUG=1",
					"$(inherited)",
				);
				GCC_WARN_64_TO_32_BIT_CONVERSION = YES;
				GCC_WARN_ABOUT_RETURN_TYPE = YES_ERROR;
				GCC_WARN_UNDECLARED_SELECTOR = YES;
				GCC_WARN_UNINITIALIZED_AUTOS = YES_AGGRESSIVE;
				GCC_WARN_UNUSED_FUNCTION = YES;
				GCC_WARN_UNUSED_VARIABLE = YES;
				IPHONEOS_DEPLOYMENT_TARGET = 16.2;
				MTL_ENABLE_DEBUG_INFO = INCLUDE_SOURCE;
				MTL_FAST_MATH = YES;
				ONLY_ACTIVE_ARCH = YES;
				SDKROOT = iphoneos;
				SWIFT_ACTIVE_COMPILATION_CONDITIONS = DEBUG;
				SWIFT_OPTIMIZATION_LEVEL = "-Onone";
			};
			name = Debug;
		};
		85F764612A61816200C109E7 /* Release */ = {
			isa = XCBuildConfiguration;
			buildSettings = {
				ALWAYS_SEARCH_USER_PATHS = NO;
				CLANG_ANALYZER_NONNULL = YES;
				CLANG_ANALYZER_NUMBER_OBJECT_CONVERSION = YES_AGGRESSIVE;
				CLANG_CXX_LANGUAGE_STANDARD = "gnu++20";
				CLANG_ENABLE_MODULES = YES;
				CLANG_ENABLE_OBJC_ARC = YES;
				CLANG_ENABLE_OBJC_WEAK = YES;
				CLANG_WARN_BLOCK_CAPTURE_AUTORELEASING = YES;
				CLANG_WARN_BOOL_CONVERSION = YES;
				CLANG_WARN_COMMA = YES;
				CLANG_WARN_CONSTANT_CONVERSION = YES;
				CLANG_WARN_DEPRECATED_OBJC_IMPLEMENTATIONS = YES;
				CLANG_WARN_DIRECT_OBJC_ISA_USAGE = YES_ERROR;
				CLANG_WARN_DOCUMENTATION_COMMENTS = YES;
				CLANG_WARN_EMPTY_BODY = YES;
				CLANG_WARN_ENUM_CONVERSION = YES;
				CLANG_WARN_INFINITE_RECURSION = YES;
				CLANG_WARN_INT_CONVERSION = YES;
				CLANG_WARN_NON_LITERAL_NULL_CONVERSION = YES;
				CLANG_WARN_OBJC_IMPLICIT_RETAIN_SELF = YES;
				CLANG_WARN_OBJC_LITERAL_CONVERSION = YES;
				CLANG_WARN_OBJC_ROOT_CLASS = YES_ERROR;
				CLANG_WARN_QUOTED_INCLUDE_IN_FRAMEWORK_HEADER = YES;
				CLANG_WARN_RANGE_LOOP_ANALYSIS = YES;
				CLANG_WARN_STRICT_PROTOTYPES = YES;
				CLANG_WARN_SUSPICIOUS_MOVE = YES;
				CLANG_WARN_UNGUARDED_AVAILABILITY = YES_AGGRESSIVE;
				CLANG_WARN_UNREACHABLE_CODE = YES;
				CLANG_WARN__DUPLICATE_METHOD_MATCH = YES;
				COPY_PHASE_STRIP = NO;
				DEBUG_INFORMATION_FORMAT = "dwarf-with-dsym";
				ENABLE_NS_ASSERTIONS = NO;
				ENABLE_STRICT_OBJC_MSGSEND = YES;
				GCC_C_LANGUAGE_STANDARD = gnu11;
				GCC_NO_COMMON_BLOCKS = YES;
				GCC_WARN_64_TO_32_BIT_CONVERSION = YES;
				GCC_WARN_ABOUT_RETURN_TYPE = YES_ERROR;
				GCC_WARN_UNDECLARED_SELECTOR = YES;
				GCC_WARN_UNINITIALIZED_AUTOS = YES_AGGRESSIVE;
				GCC_WARN_UNUSED_FUNCTION = YES;
				GCC_WARN_UNUSED_VARIABLE = YES;
				IPHONEOS_DEPLOYMENT_TARGET = 16.2;
				MTL_ENABLE_DEBUG_INFO = NO;
				MTL_FAST_MATH = YES;
				SDKROOT = iphoneos;
				SWIFT_COMPILATION_MODE = wholemodule;
				SWIFT_OPTIMIZATION_LEVEL = "-O";
				VALIDATE_PRODUCT = YES;
			};
			name = Release;
		};
		85F764632A61816200C109E7 /* Debug */ = {
			isa = XCBuildConfiguration;
			buildSettings = {
				ASSETCATALOG_COMPILER_APPICON_NAME = AppIcon;
				ASSETCATALOG_COMPILER_GLOBAL_ACCENT_COLOR_NAME = AccentColor;
				CODE_SIGN_STYLE = Automatic;
				CURRENT_PROJECT_VERSION = 1;
				DEVELOPMENT_TEAM = BX33GF2T6S;
				GENERATE_INFOPLIST_FILE = YES;
				INFOPLIST_FILE = ConfigViewCode/Info.plist;
				INFOPLIST_KEY_UIApplicationSupportsIndirectInputEvents = YES;
				INFOPLIST_KEY_UILaunchStoryboardName = LaunchScreen;
				INFOPLIST_KEY_UIMainStoryboardFile = Main;
				INFOPLIST_KEY_UISupportedInterfaceOrientations_iPad = "UIInterfaceOrientationPortrait UIInterfaceOrientationPortraitUpsideDown UIInterfaceOrientationLandscapeLeft UIInterfaceOrientationLandscapeRight";
				INFOPLIST_KEY_UISupportedInterfaceOrientations_iPhone = "UIInterfaceOrientationPortrait UIInterfaceOrientationLandscapeLeft UIInterfaceOrientationLandscapeRight";
				LD_RUNPATH_SEARCH_PATHS = (
					"$(inherited)",
					"@executable_path/Frameworks",
				);
				MARKETING_VERSION = 1.0;
				PRODUCT_BUNDLE_IDENTIFIER = "backfront-viewcode.ConfigViewCode";
				PRODUCT_NAME = "$(TARGET_NAME)";
				SWIFT_EMIT_LOC_STRINGS = YES;
				SWIFT_VERSION = 5.0;
				TARGETED_DEVICE_FAMILY = "1,2";
			};
			name = Debug;
		};
		85F764642A61816200C109E7 /* Release */ = {
			isa = XCBuildConfiguration;
			buildSettings = {
				ASSETCATALOG_COMPILER_APPICON_NAME = AppIcon;
				ASSETCATALOG_COMPILER_GLOBAL_ACCENT_COLOR_NAME = AccentColor;
				CODE_SIGN_STYLE = Automatic;
				CURRENT_PROJECT_VERSION = 1;
				DEVELOPMENT_TEAM = BX33GF2T6S;
				GENERATE_INFOPLIST_FILE = YES;
				INFOPLIST_FILE = ConfigViewCode/Info.plist;
				INFOPLIST_KEY_UIApplicationSupportsIndirectInputEvents = YES;
				INFOPLIST_KEY_UILaunchStoryboardName = LaunchScreen;
				INFOPLIST_KEY_UIMainStoryboardFile = Main;
				INFOPLIST_KEY_UISupportedInterfaceOrientations_iPad = "UIInterfaceOrientationPortrait UIInterfaceOrientationPortraitUpsideDown UIInterfaceOrientationLandscapeLeft UIInterfaceOrientationLandscapeRight";
				INFOPLIST_KEY_UISupportedInterfaceOrientations_iPhone = "UIInterfaceOrientationPortrait UIInterfaceOrientationLandscapeLeft UIInterfaceOrientationLandscapeRight";
				LD_RUNPATH_SEARCH_PATHS = (
					"$(inherited)",
					"@executable_path/Frameworks",
				);
				MARKETING_VERSION = 1.0;
				PRODUCT_BUNDLE_IDENTIFIER = "backfront-viewcode.ConfigViewCode";
				PRODUCT_NAME = "$(TARGET_NAME)";
				SWIFT_EMIT_LOC_STRINGS = YES;
				SWIFT_VERSION = 5.0;
				TARGETED_DEVICE_FAMILY = "1,2";
			};
			name = Release;
		};
		85F764662A61816200C109E7 /* Debug */ = {
			isa = XCBuildConfiguration;
			buildSettings = {
				ALWAYS_EMBED_SWIFT_STANDARD_LIBRARIES = YES;
				BUNDLE_LOADER = "$(TEST_HOST)";
				CODE_SIGN_STYLE = Automatic;
				CURRENT_PROJECT_VERSION = 1;
				DEVELOPMENT_TEAM = BX33GF2T6S;
				GENERATE_INFOPLIST_FILE = YES;
				IPHONEOS_DEPLOYMENT_TARGET = 16.2;
				MARKETING_VERSION = 1.0;
				PRODUCT_BUNDLE_IDENTIFIER = "backfront-viewcode.ConfigViewCodeTests";
				PRODUCT_NAME = "$(TARGET_NAME)";
				SWIFT_EMIT_LOC_STRINGS = NO;
				SWIFT_VERSION = 5.0;
				TARGETED_DEVICE_FAMILY = "1,2";
				TEST_HOST = "$(BUILT_PRODUCTS_DIR)/ConfigViewCode.app/$(BUNDLE_EXECUTABLE_FOLDER_PATH)/ConfigViewCode";
			};
			name = Debug;
		};
		85F764672A61816200C109E7 /* Release */ = {
			isa = XCBuildConfiguration;
			buildSettings = {
				ALWAYS_EMBED_SWIFT_STANDARD_LIBRARIES = YES;
				BUNDLE_LOADER = "$(TEST_HOST)";
				CODE_SIGN_STYLE = Automatic;
				CURRENT_PROJECT_VERSION = 1;
				DEVELOPMENT_TEAM = BX33GF2T6S;
				GENERATE_INFOPLIST_FILE = YES;
				IPHONEOS_DEPLOYMENT_TARGET = 16.2;
				MARKETING_VERSION = 1.0;
				PRODUCT_BUNDLE_IDENTIFIER = "backfront-viewcode.ConfigViewCodeTests";
				PRODUCT_NAME = "$(TARGET_NAME)";
				SWIFT_EMIT_LOC_STRINGS = NO;
				SWIFT_VERSION = 5.0;
				TARGETED_DEVICE_FAMILY = "1,2";
				TEST_HOST = "$(BUILT_PRODUCTS_DIR)/ConfigViewCode.app/$(BUNDLE_EXECUTABLE_FOLDER_PATH)/ConfigViewCode";
			};
			name = Release;
		};
		85F764692A61816200C109E7 /* Debug */ = {
			isa = XCBuildConfiguration;
			buildSettings = {
				ALWAYS_EMBED_SWIFT_STANDARD_LIBRARIES = YES;
				CODE_SIGN_STYLE = Automatic;
				CURRENT_PROJECT_VERSION = 1;
				DEVELOPMENT_TEAM = BX33GF2T6S;
				GENERATE_INFOPLIST_FILE = YES;
				MARKETING_VERSION = 1.0;
				PRODUCT_BUNDLE_IDENTIFIER = "backfront-viewcode.ConfigViewCodeUITests";
				PRODUCT_NAME = "$(TARGET_NAME)";
				SWIFT_EMIT_LOC_STRINGS = NO;
				SWIFT_VERSION = 5.0;
				TARGETED_DEVICE_FAMILY = "1,2";
				TEST_TARGET_NAME = ConfigViewCode;
			};
			name = Debug;
		};
		85F7646A2A61816200C109E7 /* Release */ = {
			isa = XCBuildConfiguration;
			buildSettings = {
				ALWAYS_EMBED_SWIFT_STANDARD_LIBRARIES = YES;
				CODE_SIGN_STYLE = Automatic;
				CURRENT_PROJECT_VERSION = 1;
				DEVELOPMENT_TEAM = BX33GF2T6S;
				GENERATE_INFOPLIST_FILE = YES;
				MARKETING_VERSION = 1.0;
				PRODUCT_BUNDLE_IDENTIFIER = "backfront-viewcode.ConfigViewCodeUITests";
				PRODUCT_NAME = "$(TARGET_NAME)";
				SWIFT_EMIT_LOC_STRINGS = NO;
				SWIFT_VERSION = 5.0;
				TARGETED_DEVICE_FAMILY = "1,2";
				TEST_TARGET_NAME = ConfigViewCode;
			};
			name = Release;
		};
/* End XCBuildConfiguration section */

/* Begin XCConfigurationList section */
		85F764332A61816100C109E7 /* Build configuration list for PBXProject "ConfigViewCode" */ = {
			isa = XCConfigurationList;
			buildConfigurations = (
				85F764602A61816200C109E7 /* Debug */,
				85F764612A61816200C109E7 /* Release */,
			);
			defaultConfigurationIsVisible = 0;
			defaultConfigurationName = Release;
		};
		85F764622A61816200C109E7 /* Build configuration list for PBXNativeTarget "ConfigViewCode" */ = {
			isa = XCConfigurationList;
			buildConfigurations = (
				85F764632A61816200C109E7 /* Debug */,
				85F764642A61816200C109E7 /* Release */,
			);
			defaultConfigurationIsVisible = 0;
			defaultConfigurationName = Release;
		};
		85F764652A61816200C109E7 /* Build configuration list for PBXNativeTarget "ConfigViewCodeTests" */ = {
			isa = XCConfigurationList;
			buildConfigurations = (
				85F764662A61816200C109E7 /* Debug */,
				85F764672A61816200C109E7 /* Release */,
			);
			defaultConfigurationIsVisible = 0;
			defaultConfigurationName = Release;
		};
		85F764682A61816200C109E7 /* Build configuration list for PBXNativeTarget "ConfigViewCodeUITests" */ = {
			isa = XCConfigurationList;
			buildConfigurations = (
				85F764692A61816200C109E7 /* Debug */,
				85F7646A2A61816200C109E7 /* Release */,
			);
			defaultConfigurationIsVisible = 0;
			defaultConfigurationName = Release;
		};
/* End XCConfigurationList section */
	};
	rootObject = 85F764302A61816100C109E7 /* Project object */;
}
